
Microsoft Visual Studio Solution File, Format Version 12.00
# Visual Studio Version 17
VisualStudioVersion = 17.5.33530.505
MinimumVisualStudioVersion = 10.0.40219.1
Project("{9A19103F-16F7-4668-BE54-9A1E7A4F7556}") = "TokiwadaiPride.Bot", "TokiwadaiPride.Bot\TokiwadaiPride.Bot.csproj", "{B17A2EAA-C0A8-4BD6-8F3C-87BB0BCF2440}"
EndProject
Project("{9A19103F-16F7-4668-BE54-9A1E7A4F7556}") = "TokiwadaiPride.Contract", "TokiwadaiPride.Contract\TokiwadaiPride.Contract.csproj", "{5D8A4CF5-B904-47C3-91D5-6C1B059FC13A}"
EndProject
Project("{FAE04EC0-301F-11D3-BF4B-00C04F79EFBC}") = "TokiwadaiPride.Database", "TokiwadaiPride.Database\TokiwadaiPride.Database.csproj", "{9F4D6D14-8ACC-42CE-82E7-3AF0EB49D9B4}"
EndProject
Global
	GlobalSection(SolutionConfigurationPlatforms) = preSolution
		Debug|Any CPU = Debug|Any CPU
		Release|Any CPU = Release|Any CPU
	EndGlobalSection
	GlobalSection(ProjectConfigurationPlatforms) = postSolution
		{B17A2EAA-C0A8-4BD6-8F3C-87BB0BCF2440}.Debug|Any CPU.ActiveCfg = Debug|Any CPU
		{B17A2EAA-C0A8-4BD6-8F3C-87BB0BCF2440}.Debug|Any CPU.Build.0 = Debug|Any CPU
		{B17A2EAA-C0A8-4BD6-8F3C-87BB0BCF2440}.Release|Any CPU.ActiveCfg = Release|Any CPU
		{B17A2EAA-C0A8-4BD6-8F3C-87BB0BCF2440}.Release|Any CPU.Build.0 = Release|Any CPU
		{5D8A4CF5-B904-47C3-91D5-6C1B059FC13A}.Debug|Any CPU.ActiveCfg = Debug|Any CPU
		{5D8A4CF5-B904-47C3-91D5-6C1B059FC13A}.Debug|Any CPU.Build.0 = Debug|Any CPU
		{5D8A4CF5-B904-47C3-91D5-6C1B059FC13A}.Release|Any CPU.ActiveCfg = Release|Any CPU
		{5D8A4CF5-B904-47C3-91D5-6C1B059FC13A}.Release|Any CPU.Build.0 = Release|Any CPU
		{9F4D6D14-8ACC-42CE-82E7-3AF0EB49D9B4}.Debug|Any CPU.ActiveCfg = Debug|Any CPU
		{9F4D6D14-8ACC-42CE-82E7-3AF0EB49D9B4}.Debug|Any CPU.Build.0 = Debug|Any CPU
		{9F4D6D14-8ACC-42CE-82E7-3AF0EB49D9B4}.Release|Any CPU.ActiveCfg = Release|Any CPU
		{9F4D6D14-8ACC-42CE-82E7-3AF0EB49D9B4}.Release|Any CPU.Build.0 = Release|Any CPU
	EndGlobalSection
	GlobalSection(SolutionProperties) = preSolution
		HideSolutionNode = FALSE
	EndGlobalSection
	GlobalSection(ExtensibilityGlobals) = postSolution
		SolutionGuid = {D93DDA3E-42E1-4E22-93FC-B6A61B674EE4}
	EndGlobalSection
EndGlobal
